{
  "originHash" : "218d6739ce1f3780e911c7bdb28f9ee6da5ec1585c07a0bf19c9ec690fd661e7",
  "pins" : [
    {
      "identity" : "swift-format-plugin",
      "kind" : "remoteSourceControl",
      "location" : "https://github.com/Brent-Tunnicliff/swift-format-plugin",
      "state" : {
        "revision" : "4783d8fefdc95e7ee7edde17ae505cc871be6e85",
        "version" : "2.0.2"
      }
    },
    {
      "identity" : "swift-syntax",
      "kind" : "remoteSourceControl",
      "location" : "https://github.com/swiftlang/swift-syntax.git",
      "state" : {
        "revision" : "4799286537280063c85a32f09884cfbca301b1a1",
        "version" : "602.0.0"
      }
    }
  ],
  "version" : 3
}
